PODS:
  - AFNetworking (4.0.1):
    - AFNetworking/NSURLSession (= 4.0.1)
    - AFNetworking/Reachability (= 4.0.1)
    - AFNetworking/Security (= 4.0.1)
    - AFNetworking/Serialization (= 4.0.1)
    - AFNetworking/UIKit (= 4.0.1)
  - AFNetworking/NSURLSession (4.0.1):
    - AFNetworking/Reachability
    - AFNetworking/Security
    - AFNetworking/Serialization
  - AFNetworking/Reachability (4.0.1)
  - AFNetworking/Security (4.0.1)
  - AFNetworking/Serialization (4.0.1)
  - AFNetworking/UIKit (4.0.1):
    - AFNetworking/NSURLSession
  - Particle-SDK (1.0.5):
    - Particle-SDK/Helpers (= 1.0.5)
    - Particle-SDK/SDK (= 1.0.5)
  - Particle-SDK/Helpers (1.0.5):
    - AFNetworking (~> 4.0)
  - Particle-SDK/SDK (1.0.5):
    - AFNetworking (~> 4.0)
    - Particle-SDK/Helpers
  - SwiftKeychainWrapper (3.4.0)

DEPENDENCIES:
  - Particle-SDK
  - SwiftKeychainWrapper

SPEC REPOS:
  trunk:
    - AFNetworking
    - Particle-SDK
    - SwiftKeychainWrapper

SPEC CHECKSUMS:
  AFNetworking: 7864c38297c79aaca1500c33288e429c3451fdce
  Particle-SDK: cdda539eeb1e5464950657dff46e22ffc42c9525
  SwiftKeychainWrapper: 6fc49fbf7d4a6b0772917acb0e53a1639f6078d6

PODFILE CHECKSUM: 84407056958774856ee6c281819297701050c22b

COCOAPODS: 1.9.3
